{
    "name": "com.zendigital.ngphonegap",
    "version": "1.0.0",
    "lockfileVersion": 1,
    "requires": true,
    "dependencies": {
        "angular": {
            "version": "1.8.0",
            "resolved": "https://registry.npmjs.org/angular/-/angular-1.8.0.tgz",
            "integrity": "sha512-VdaMx+Qk0Skla7B5gw77a8hzlcOakwF8mjlW13DpIWIDlfqwAbSSLfd8N/qZnzEmQF4jC4iofInd3gE7vL8ZZg=="
        },
        "bootstrap": {
            "version": "4.4.1",
            "resolved": "https://registry.npmjs.org/bootstrap/-/bootstrap-4.4.1.tgz",
            "integrity": "sha512-tbx5cHubwE6e2ZG7nqM3g/FZ5PQEDMWmMGNrCUBVRPHXTJaH7CBDdsLeu3eCh3B1tzAxTnAbtmrzvWEvT2NNEA=="
        },
        "cordova-ios": {
            "version": "4.5.5",
            "resolved": "https://registry.npmjs.org/cordova-ios/-/cordova-ios-4.5.5.tgz",
            "integrity": "sha512-3+30m2dZ2yii7kg+H7cgpdpkXpMj54zoX5imjGGG4Z7dPXKmalTLc/9rLq+Iaa+Q1BqyOrUFaHopWOODRU6vCg==",
            "requires": {
                "abbrev": "1.1.1",
                "ansi": "0.3.1",
                "balanced-match": "1.0.0",
                "base64-js": "1.2.0",
                "big-integer": "1.6.32",
                "bplist-creator": "0.0.7",
                "bplist-parser": "0.1.1",
                "brace-expansion": "1.1.11",
                "concat-map": "0.0.1",
                "cordova-common": "2.2.5",
                "cordova-registry-mapper": "1.1.15",
                "elementtree": "0.1.6",
                "glob": "5.0.15",
                "inflight": "1.0.6",
                "inherits": "2.0.3",
                "ios-sim": "6.1.3",
                "minimatch": "3.0.4",
                "nopt": "3.0.6",
                "once": "1.4.0",
                "path-is-absolute": "1.0.1",
                "plist": "2.1.0",
                "q": "1.5.1",
                "sax": "0.3.5",
                "shelljs": "0.5.3",
                "simctl": "1.1.1",
                "simple-plist": "0.2.1",
                "stream-buffers": "2.2.0",
                "tail": "0.4.0",
                "underscore": "1.9.1",
                "unorm": "1.4.1",
                "uuid": "3.0.1",
                "wrappy": "1.0.2",
                "xcode": "0.9.3",
                "xml-escape": "1.1.0",
                "xmlbuilder": "8.2.2",
                "xmldom": "0.1.27"
            },
            "dependencies": {
                "abbrev": {
                    "version": "1.1.1",
                    "bundled": true
                },
                "ansi": {
                    "version": "0.3.1",
                    "bundled": true
                },
                "balanced-match": {
                    "version": "1.0.0",
                    "bundled": true
                },
                "base64-js": {
                    "version": "1.2.0",
                    "bundled": true
                },
                "big-integer": {
                    "version": "1.6.32",
                    "bundled": true
                },
                "bplist-creator": {
                    "version": "0.0.7",
                    "bundled": true,
                    "requires": {
                        "stream-buffers": "2.2.0"
                    }
                },
                "bplist-parser": {
                    "version": "0.1.1",
                    "bundled": true,
                    "requires": {
                        "big-integer": "1.6.32"
                    }
                },
                "brace-expansion": {
                    "version": "1.1.11",
                    "bundled": true,
                    "requires": {
                        "balanced-match": "1.0.0",
                        "concat-map": "0.0.1"
                    }
                },
                "concat-map": {
                    "version": "0.0.1",
                    "bundled": true
                },
                "cordova-common": {
                    "version": "2.2.5",
                    "bundled": true,
                    "requires": {
                        "ansi": "0.3.1",
                        "bplist-parser": "0.1.1",
                        "cordova-registry-mapper": "1.1.15",
                        "elementtree": "0.1.6",
                        "glob": "5.0.15",
                        "minimatch": "3.0.4",
                        "plist": "2.1.0",
                        "q": "1.5.1",
                        "shelljs": "0.5.3",
                        "underscore": "1.9.1",
                        "unorm": "1.4.1"
                    }
                },
                "cordova-registry-mapper": {
                    "version": "1.1.15",
                    "bundled": true
                },
                "elementtree": {
                    "version": "0.1.6",
                    "bundled": true,
                    "requires": {
                        "sax": "0.3.5"
                    }
                },
                "glob": {
                    "version": "5.0.15",
                    "bundled": true,
                    "requires": {
                        "inflight": "1.0.6",
                        "inherits": "2.0.3",
                        "minimatch": "3.0.4",
                        "once": "1.4.0",
                        "path-is-absolute": "1.0.1"
                    }
                },
                "inflight": {
                    "version": "1.0.6",
                    "bundled": true,
                    "requires": {
                        "once": "1.4.0",
                        "wrappy": "1.0.2"
                    }
                },
                "inherits": {
                    "version": "2.0.3",
                    "bundled": true
                },
                "ios-sim": {
                    "version": "6.1.3",
                    "bundled": true,
                    "requires": {
                        "bplist-parser": "0.0.6",
                        "nopt": "1.0.9",
                        "plist": "2.1.0",
                        "simctl": "1.1.1"
                    },
                    "dependencies": {
                        "bplist-parser": {
                            "version": "0.0.6",
                            "bundled": true
                        },
                        "nopt": {
                            "version": "1.0.9",
                            "bundled": true,
                            "requires": {
                                "abbrev": "1.1.1"
                            }
                        }
                    }
                },
                "minimatch": {
                    "version": "3.0.4",
                    "bundled": true,
                    "requires": {
                        "brace-expansion": "1.1.11"
                    }
                },
                "nopt": {
                    "version": "3.0.6",
                    "bundled": true,
                    "requires": {
                        "abbrev": "1.1.1"
                    }
<<<<<<< HEAD
                },
                "once": {
                    "version": "1.4.0",
                    "bundled": true,
                    "requires": {
                        "wrappy": "1.0.2"
                    }
                },
                "path-is-absolute": {
                    "version": "1.0.1",
                    "bundled": true
                },
                "plist": {
                    "version": "2.1.0",
                    "bundled": true,
                    "requires": {
                        "base64-js": "1.2.0",
                        "xmlbuilder": "8.2.2",
                        "xmldom": "0.1.27"
                    }
                },
                "q": {
                    "version": "1.5.1",
                    "bundled": true
                },
                "sax": {
                    "version": "0.3.5",
                    "bundled": true
                },
=======
                }
            }
        },
        "isexe": {
            "version": "2.0.0",
            "resolved": "https://registry.npmjs.org/isexe/-/isexe-2.0.0.tgz",
            "integrity": "sha1-6PvzdNxVb/iUehDcsFctYz8s+hA="
        },
        "jquery": {
            "version": "3.5.0",
            "resolved": "https://registry.npmjs.org/jquery/-/jquery-3.5.0.tgz",
            "integrity": "sha512-Xb7SVYMvygPxbFMpTFQiHh1J7HClEaThguL15N/Gg37Lri/qKyhRGZYzHRyLH8Stq3Aow0LsHO2O2ci86fCrNQ=="
        },
        "jsonfile": {
            "version": "4.0.0",
            "resolved": "https://registry.npmjs.org/jsonfile/-/jsonfile-4.0.0.tgz",
            "integrity": "sha1-h3Gq4HmbZAdrdmQPygWPnBDjPss=",
            "requires": {
                "graceful-fs": "4.2.3"
            }
        },
        "minimatch": {
            "version": "3.0.4",
            "resolved": "https://registry.npmjs.org/minimatch/-/minimatch-3.0.4.tgz",
            "integrity": "sha512-yJHVQEhyqPLUTgt9B83PXu6W3rx4MvvHvSUvToogpwoGDOUQ+yDrR0HRot+yOCdCO7u4hX3pWft6kWBBcqh0UA==",
            "requires": {
                "brace-expansion": "1.1.11"
            }
        },
        "nice-try": {
            "version": "1.0.5",
            "resolved": "https://registry.npmjs.org/nice-try/-/nice-try-1.0.5.tgz",
            "integrity": "sha512-1nh45deeb5olNY7eX82BkPO7SSxR5SSYJiPTrTdFUVYwAl8CKMA5N9PjTYkHiRjisVcxcQ1HXdLhx2qxxJzLNQ=="
        },
        "nopt": {
            "version": "4.0.1",
            "resolved": "https://registry.npmjs.org/nopt/-/nopt-4.0.1.tgz",
            "integrity": "sha1-0NRoWv1UFRk8jHUFYC0NF81kR00=",
            "requires": {
                "abbrev": "1.1.1",
                "osenv": "0.1.5"
            }
        },
        "objectorarray": {
            "version": "1.0.4",
            "resolved": "https://registry.npmjs.org/objectorarray/-/objectorarray-1.0.4.tgz",
            "integrity": "sha512-91k8bjcldstRz1bG6zJo8lWD7c6QXcB4nTDUqiEvIL1xAsLoZlOOZZG+nd6YPz+V7zY1580J4Xxh1vZtyv4i/w=="
        },
        "once": {
            "version": "1.4.0",
            "resolved": "https://registry.npmjs.org/once/-/once-1.4.0.tgz",
            "integrity": "sha1-WDsap3WWHUsROsF9nFC6753Xa9E=",
            "requires": {
                "wrappy": "1.0.2"
            }
        },
        "os-homedir": {
            "version": "1.0.2",
            "resolved": "https://registry.npmjs.org/os-homedir/-/os-homedir-1.0.2.tgz",
            "integrity": "sha1-/7xJiDNuDoM94MFox+8VISGqf7M="
        },
        "os-tmpdir": {
            "version": "1.0.2",
            "resolved": "https://registry.npmjs.org/os-tmpdir/-/os-tmpdir-1.0.2.tgz",
            "integrity": "sha1-u+Z0BseaqFxc/sdm/lc0VV36EnQ="
        },
        "osenv": {
            "version": "0.1.5",
            "resolved": "https://registry.npmjs.org/osenv/-/osenv-0.1.5.tgz",
            "integrity": "sha512-0CWcCECdMVc2Rw3U5w9ZjqX6ga6ubk1xDVKxtBQPK7wis/0F2r9T6k4ydGYhecl7YUBxBVxhL5oisPsNxAPe2g==",
            "requires": {
                "os-homedir": "1.0.2",
                "os-tmpdir": "1.0.2"
            }
        },
        "path-is-absolute": {
            "version": "1.0.1",
            "resolved": "https://registry.npmjs.org/path-is-absolute/-/path-is-absolute-1.0.1.tgz",
            "integrity": "sha1-F0uSaHNVNP+8es5r9TpanhtcX18="
        },
        "path-key": {
            "version": "2.0.1",
            "resolved": "https://registry.npmjs.org/path-key/-/path-key-2.0.1.tgz",
            "integrity": "sha1-QRyttXTFoUDTpLGRDUDYDMn0C0A="
        },
        "plist": {
            "version": "3.0.1",
            "resolved": "https://registry.npmjs.org/plist/-/plist-3.0.1.tgz",
            "integrity": "sha512-GpgvHHocGRyQm74b6FWEZZVRroHKE1I0/BTjAmySaohK+cUn+hZpbqXkc3KWgW3gQYkqcQej35FohcT0FRlkRQ==",
            "requires": {
                "base64-js": "1.3.1",
                "xmlbuilder": "9.0.7",
                "xmldom": "0.1.31"
            }
        },
        "q": {
            "version": "1.5.1",
            "resolved": "https://registry.npmjs.org/q/-/q-1.5.1.tgz",
            "integrity": "sha1-fjL3W0E4EpHQRhHxvxQQmsAGUdc="
        },
        "sax": {
            "version": "1.1.4",
            "resolved": "https://registry.npmjs.org/sax/-/sax-1.1.4.tgz",
            "integrity": "sha1-dLbTPJrh4AFRDxeakRaFiPGu2qk="
        },
        "semver": {
            "version": "6.3.0",
            "resolved": "https://registry.npmjs.org/semver/-/semver-6.3.0.tgz",
            "integrity": "sha512-b39TBaTSfV6yBrapU89p5fKekE2m/NwnDocOVruQFS1/veMgdzuPcnOM34M6CwxW8jH/lxEa5rBoDeUwu5HHTw=="
        },
        "shebang-command": {
            "version": "1.2.0",
            "resolved": "https://registry.npmjs.org/shebang-command/-/shebang-command-1.2.0.tgz",
            "integrity": "sha1-RKrGW2lbAzmJaMOfNj/uXer98eo=",
            "requires": {
                "shebang-regex": "1.0.0"
            }
        },
        "shebang-regex": {
            "version": "1.0.0",
            "resolved": "https://registry.npmjs.org/shebang-regex/-/shebang-regex-1.0.0.tgz",
            "integrity": "sha1-2kL0l0DAtC2yypcoVxyxkMmO/qM="
        },
        "shelljs": {
            "version": "0.5.3",
            "resolved": "https://registry.npmjs.org/shelljs/-/shelljs-0.5.3.tgz",
            "integrity": "sha1-xUmCuZbHbvDB5rWfvcWCX1txMRM="
        },
        "simctl": {
            "version": "2.0.0",
            "resolved": "https://registry.npmjs.org/simctl/-/simctl-2.0.0.tgz",
            "integrity": "sha512-5rB7rN4N3b0z0nFdy9eczVssXqrv2aAgdVRksPVqVoiDtvXmfzNvebp3EMdId2sAUzXIflarQlx4P0hjVQEzKQ==",
            "requires": {
                "shelljs": "0.2.6",
                "tail": "0.4.0"
            },
            "dependencies": {
>>>>>>> f605833214e9fb53a57708ab08044f52eadf1b04
                "shelljs": {
                    "version": "0.5.3",
                    "bundled": true
                },
                "simctl": {
                    "version": "1.1.1",
                    "bundled": true,
                    "requires": {
                        "shelljs": "0.2.6",
                        "tail": "0.4.0"
                    },
                    "dependencies": {
                        "shelljs": {
                            "version": "0.2.6",
                            "bundled": true
                        }
                    }
                },
                "simple-plist": {
                    "version": "0.2.1",
                    "bundled": true,
                    "requires": {
                        "bplist-creator": "0.0.7",
                        "bplist-parser": "0.1.1",
                        "plist": "2.0.1"
                    },
                    "dependencies": {
                        "base64-js": {
                            "version": "1.1.2",
                            "bundled": true
                        },
                        "plist": {
                            "version": "2.0.1",
                            "bundled": true,
                            "requires": {
                                "base64-js": "1.1.2",
                                "xmlbuilder": "8.2.2",
                                "xmldom": "0.1.27"
                            }
                        }
                    }
                },
                "stream-buffers": {
                    "version": "2.2.0",
                    "bundled": true
                },
                "tail": {
                    "version": "0.4.0",
                    "bundled": true
                },
                "underscore": {
                    "version": "1.9.1",
                    "bundled": true
                },
                "unorm": {
                    "version": "1.4.1",
                    "bundled": true
                },
                "uuid": {
                    "version": "3.0.1",
                    "bundled": true
                },
                "wrappy": {
                    "version": "1.0.2",
                    "bundled": true
                },
                "xcode": {
                    "version": "0.9.3",
                    "bundled": true,
                    "requires": {
                        "pegjs": "0.10.0",
                        "simple-plist": "0.2.1",
                        "uuid": "3.0.1"
                    }
                },
                "xml-escape": {
                    "version": "1.1.0",
                    "bundled": true
                },
                "xmlbuilder": {
                    "version": "8.2.2",
                    "bundled": true
                },
                "xmldom": {
                    "version": "0.1.27",
                    "bundled": true
                }
            }
        },
        "cordova-plugin-keyboard": {
            "version": "1.2.0",
            "resolved": "https://registry.npmjs.org/cordova-plugin-keyboard/-/cordova-plugin-keyboard-1.2.0.tgz",
            "integrity": "sha512-Zng4SgDQQ2BCqeDOvrsgNlM9tcjnxmJoh0Qhex0KltMsoR0g/ONbMTpaVvI8EhNKVO8HJPnhFxxzHxrCPLQ7sQ=="
        },
        "cordova-plugin-whitelist": {
            "version": "1.3.4",
            "resolved": "https://registry.npmjs.org/cordova-plugin-whitelist/-/cordova-plugin-whitelist-1.3.4.tgz",
            "integrity": "sha512-EYC5eQFVkoYXq39l7tYKE6lEjHJ04mvTmKXxGL7quHLdFPfJMNzru/UYpn92AOfpl3PQaZmou78C7EgmFOwFQQ=="
        },
        "jquery": {
            "version": "3.4.1",
            "resolved": "https://registry.npmjs.org/jquery/-/jquery-3.4.1.tgz",
            "integrity": "sha512-36+AdBzCL+y6qjw5Tx7HgzeGCzC81MDDgaUP8ld2zhx58HdqXGoBd+tHdrBMiyjGQs0Hxs/MLZTu/eHNJJuWPw=="
        },
        "pegjs": {
            "version": "0.10.0",
            "resolved": "https://registry.npmjs.org/pegjs/-/pegjs-0.10.0.tgz",
            "integrity": "sha1-z4uvrm7d/0tafvsYUmnqr0YQ3b0="
        }
    }
}
